
Microsoft Visual Studio Solution File, Format Version 12.00
# Visual Studio 15
VisualStudioVersion = 15.0.28307.421
MinimumVisualStudioVersion = 10.0.40219.1
Project("{8BC9CEB8-8B4A-11D0-8D11-00A0C91BC942}") = "turbojpeg", "thirdparty\jpeg-turbo-2.1.3\turbojpeg.vcxproj", "{2F97E9CC-5718-3E95-9D99-2B64704333DF}"
	ProjectSection(ProjectDependencies) = postProject
		{18E9B43D-E35C-3229-BA27-085EECD20BC1} = {18E9B43D-E35C-3229-BA27-085EECD20BC1}
	EndProjectSection
EndProject
Project("{2150E333-8FDC-42A3-9474-1A3956D46DE8}") = "0_thirdparty", "0_thirdparty", "{31E100E3-2DE1-4A6D-AEB1-89980822F8C4}"
EndProject
Project("{2150E333-8FDC-42A3-9474-1A3956D46DE8}") = "1_demo", "1_demo", "{4878E000-01BE-4F8B-8E89-31B34AB70F8C}"
EndProject
Project("{8BC9CEB8-8B4A-11D0-8D11-00A0C91BC942}") = "libjpeg", "thirdparty\jpeg-turbo-2.1.3\libjpeg.vcxproj", "{94FD1767-917F-38F6-965D-3FD8C788DDB6}"
EndProject
Project("{8BC9CEB8-8B4A-11D0-8D11-00A0C91BC942}") = "libsimd", "thirdparty\jpeg-turbo-2.1.3\simd\libsimd.vcxproj", "{18E9B43D-E35C-3229-BA27-085EECD20BC1}"
EndProject
Project("{8BC9CEB8-8B4A-11D0-8D11-00A0C91BC942}") = "jpeg", "thirdparty\jpeg-turbo-2.1.3\jpeg.vcxproj", "{209618A1-7744-34C7-9262-38FF738CDB62}"
EndProject
Project("{8BC9CEB8-8B4A-11D0-8D11-00A0C91BC942}") = "libturbojpeg", "thirdparty\jpeg-turbo-2.1.3\libturbojpeg.vcxproj", "{991BD6D4-B0B9-33AB-B4F8-682FA5BBCB46}"
EndProject
Project("{8BC9CEB8-8B4A-11D0-8D11-00A0C91BC942}") = "cjpeg", "demo\cjpeg\cjpeg.vcxproj", "{1D4DEF9D-E6FD-3E28-81E1-90F8B2B9D96F}"
EndProject
Project("{8BC9CEB8-8B4A-11D0-8D11-00A0C91BC942}") = "cjpeg-static", "demo\cjpeg\cjpeg-static.vcxproj", "{BBC55B5B-4B5E-4B1B-9BDA-CF3EE5C983B0}"
EndProject
Project("{8BC9CEB8-8B4A-11D0-8D11-00A0C91BC942}") = "djpeg", "demo\cjpeg\djpeg.vcxproj", "{43B95E62-522B-3B85-8859-00511BC3E051}"
EndProject
Project("{8BC9CEB8-8B4A-11D0-8D11-00A0C91BC942}") = "djpeg-static", "demo\cjpeg\djpeg-static.vcxproj", "{C45025D8-3E7A-3F7D-BF40-0B6A0170E1C9}"
EndProject
Project("{8BC9CEB8-8B4A-11D0-8D11-00A0C91BC942}") = "jcstest", "demo\jcstest\jcstest.vcxproj", "{A59D8A13-17A0-367C-88DA-009AAAE3FC78}"
EndProject
Project("{8BC9CEB8-8B4A-11D0-8D11-00A0C91BC942}") = "wrjpgcom", "demo\wrjpgcom\wrjpgcom.vcxproj", "{26282BB7-BAD2-3135-AA4F-25411E819B34}"
EndProject
Project("{8BC9CEB8-8B4A-11D0-8D11-00A0C91BC942}") = "tjexample", "demo\tjexample\tjexample.vcxproj", "{9DF7DAE2-653F-3FD1-BE7F-A436A154965E}"
EndProject
Project("{8BC9CEB8-8B4A-11D0-8D11-00A0C91BC942}") = "strtest", "demo\strtest\strtest.vcxproj", "{F95DACD2-A2C6-35BE-8387-F54C34EB0405}"
EndProject
Project("{8BC9CEB8-8B4A-11D0-8D11-00A0C91BC942}") = "rdjpgcom", "demo\rdjpgcom\rdjpgcom.vcxproj", "{45BEB27A-45C0-3C89-A494-FDBE3C996A8D}"
EndProject
Project("{8BC9CEB8-8B4A-11D0-8D11-00A0C91BC942}") = "jpegtran", "demo\cjpeg\jpegtran.vcxproj", "{75975793-DE9A-331C-8BFD-B9299857DADF}"
EndProject
Project("{8BC9CEB8-8B4A-11D0-8D11-00A0C91BC942}") = "jpegtran-static", "demo\cjpeg\jpegtran-static.vcxproj", "{F339F51D-5337-3785-A242-17643D1539C3}"
EndProject
Project("{8BC9CEB8-8B4A-11D0-8D11-00A0C91BC942}") = "md5cmp", "demo\tj\md5cmp.vcxproj", "{149C69C6-4B9B-3B7F-B1B6-F32B6015F19F}"
EndProject
Project("{8BC9CEB8-8B4A-11D0-8D11-00A0C91BC942}") = "tjbench", "demo\tj\tjbench.vcxproj", "{41E93F63-2250-3F02-9C5E-57DA6A512461}"
EndProject
Project("{8BC9CEB8-8B4A-11D0-8D11-00A0C91BC942}") = "tjbench-static", "demo\tj\tjbench-static.vcxproj", "{7898BED1-4DEF-3B94-83BE-385A3838D470}"
EndProject
Project("{2150E333-8FDC-42A3-9474-1A3956D46DE8}") = "0_lib", "0_lib", "{EBD9599C-E361-4FBC-B00D-16D8D1987EF8}"
EndProject
Project("{2150E333-8FDC-42A3-9474-1A3956D46DE8}") = "1_dll", "1_dll", "{B0FED502-0B77-44A7-98F4-90D66A09812B}"
EndProject
Global
	GlobalSection(SolutionConfigurationPlatforms) = preSolution
		Debug|x64 = Debug|x64
		Release|x64 = Release|x64
	EndGlobalSection
	GlobalSection(ProjectConfigurationPlatforms) = postSolution
		{2F97E9CC-5718-3E95-9D99-2B64704333DF}.Debug|x64.ActiveCfg = Debug|x64
		{2F97E9CC-5718-3E95-9D99-2B64704333DF}.Debug|x64.Build.0 = Debug|x64
		{2F97E9CC-5718-3E95-9D99-2B64704333DF}.Release|x64.ActiveCfg = Release|x64
		{2F97E9CC-5718-3E95-9D99-2B64704333DF}.Release|x64.Build.0 = Release|x64
		{94FD1767-917F-38F6-965D-3FD8C788DDB6}.Debug|x64.ActiveCfg = Debug|x64
		{94FD1767-917F-38F6-965D-3FD8C788DDB6}.Debug|x64.Build.0 = Debug|x64
		{94FD1767-917F-38F6-965D-3FD8C788DDB6}.Release|x64.ActiveCfg = Release|x64
		{94FD1767-917F-38F6-965D-3FD8C788DDB6}.Release|x64.Build.0 = Release|x64
		{18E9B43D-E35C-3229-BA27-085EECD20BC1}.Debug|x64.ActiveCfg = Debug|x64
		{18E9B43D-E35C-3229-BA27-085EECD20BC1}.Debug|x64.Build.0 = Debug|x64
		{18E9B43D-E35C-3229-BA27-085EECD20BC1}.Release|x64.ActiveCfg = Release|x64
		{18E9B43D-E35C-3229-BA27-085EECD20BC1}.Release|x64.Build.0 = Release|x64
		{209618A1-7744-34C7-9262-38FF738CDB62}.Debug|x64.ActiveCfg = Debug|x64
		{209618A1-7744-34C7-9262-38FF738CDB62}.Debug|x64.Build.0 = Debug|x64
		{209618A1-7744-34C7-9262-38FF738CDB62}.Release|x64.ActiveCfg = Release|x64
		{209618A1-7744-34C7-9262-38FF738CDB62}.Release|x64.Build.0 = Release|x64
		{991BD6D4-B0B9-33AB-B4F8-682FA5BBCB46}.Debug|x64.ActiveCfg = Debug|x64
		{991BD6D4-B0B9-33AB-B4F8-682FA5BBCB46}.Debug|x64.Build.0 = Debug|x64
		{991BD6D4-B0B9-33AB-B4F8-682FA5BBCB46}.Release|x64.ActiveCfg = Release|x64
		{991BD6D4-B0B9-33AB-B4F8-682FA5BBCB46}.Release|x64.Build.0 = Release|x64
		{1D4DEF9D-E6FD-3E28-81E1-90F8B2B9D96F}.Debug|x64.ActiveCfg = Debug|x64
		{1D4DEF9D-E6FD-3E28-81E1-90F8B2B9D96F}.Debug|x64.Build.0 = Debug|x64
		{1D4DEF9D-E6FD-3E28-81E1-90F8B2B9D96F}.Release|x64.ActiveCfg = Release|x64
		{1D4DEF9D-E6FD-3E28-81E1-90F8B2B9D96F}.Release|x64.Build.0 = Release|x64
		{BBC55B5B-4B5E-4B1B-9BDA-CF3EE5C983B0}.Debug|x64.ActiveCfg = Debug|x64
		{BBC55B5B-4B5E-4B1B-9BDA-CF3EE5C983B0}.Debug|x64.Build.0 = Debug|x64
		{BBC55B5B-4B5E-4B1B-9BDA-CF3EE5C983B0}.Release|x64.ActiveCfg = Release|x64
		{BBC55B5B-4B5E-4B1B-9BDA-CF3EE5C983B0}.Release|x64.Build.0 = Release|x64
		{43B95E62-522B-3B85-8859-00511BC3E051}.Debug|x64.ActiveCfg = Debug|x64
		{43B95E62-522B-3B85-8859-00511BC3E051}.Debug|x64.Build.0 = Debug|x64
		{43B95E62-522B-3B85-8859-00511BC3E051}.Release|x64.ActiveCfg = Release|x64
		{43B95E62-522B-3B85-8859-00511BC3E051}.Release|x64.Build.0 = Release|x64
		{C45025D8-3E7A-3F7D-BF40-0B6A0170E1C9}.Debug|x64.ActiveCfg = Debug|x64
		{C45025D8-3E7A-3F7D-BF40-0B6A0170E1C9}.Debug|x64.Build.0 = Debug|x64
		{C45025D8-3E7A-3F7D-BF40-0B6A0170E1C9}.Release|x64.ActiveCfg = Release|x64
		{C45025D8-3E7A-3F7D-BF40-0B6A0170E1C9}.Release|x64.Build.0 = Release|x64
		{A59D8A13-17A0-367C-88DA-009AAAE3FC78}.Debug|x64.ActiveCfg = Debug|x64
		{A59D8A13-17A0-367C-88DA-009AAAE3FC78}.Debug|x64.Build.0 = Debug|x64
		{A59D8A13-17A0-367C-88DA-009AAAE3FC78}.Release|x64.ActiveCfg = Release|x64
		{A59D8A13-17A0-367C-88DA-009AAAE3FC78}.Release|x64.Build.0 = Release|x64
		{26282BB7-BAD2-3135-AA4F-25411E819B34}.Debug|x64.ActiveCfg = Debug|x64
		{26282BB7-BAD2-3135-AA4F-25411E819B34}.Debug|x64.Build.0 = Debug|x64
		{26282BB7-BAD2-3135-AA4F-25411E819B34}.Release|x64.ActiveCfg = Release|x64
		{26282BB7-BAD2-3135-AA4F-25411E819B34}.Release|x64.Build.0 = Release|x64
		{9DF7DAE2-653F-3FD1-BE7F-A436A154965E}.Debug|x64.ActiveCfg = Debug|x64
		{9DF7DAE2-653F-3FD1-BE7F-A436A154965E}.Debug|x64.Build.0 = Debug|x64
		{9DF7DAE2-653F-3FD1-BE7F-A436A154965E}.Release|x64.ActiveCfg = Release|x64
		{9DF7DAE2-653F-3FD1-BE7F-A436A154965E}.Release|x64.Build.0 = Release|x64
		{F95DACD2-A2C6-35BE-8387-F54C34EB0405}.Debug|x64.ActiveCfg = Debug|x64
		{F95DACD2-A2C6-35BE-8387-F54C34EB0405}.Debug|x64.Build.0 = Debug|x64
		{F95DACD2-A2C6-35BE-8387-F54C34EB0405}.Release|x64.ActiveCfg = Release|x64
		{F95DACD2-A2C6-35BE-8387-F54C34EB0405}.Release|x64.Build.0 = Release|x64
		{45BEB27A-45C0-3C89-A494-FDBE3C996A8D}.Debug|x64.ActiveCfg = Debug|x64
		{45BEB27A-45C0-3C89-A494-FDBE3C996A8D}.Debug|x64.Build.0 = Debug|x64
		{45BEB27A-45C0-3C89-A494-FDBE3C996A8D}.Release|x64.ActiveCfg = Release|x64
		{45BEB27A-45C0-3C89-A494-FDBE3C996A8D}.Release|x64.Build.0 = Release|x64
		{75975793-DE9A-331C-8BFD-B9299857DADF}.Debug|x64.ActiveCfg = Debug|x64
		{75975793-DE9A-331C-8BFD-B9299857DADF}.Debug|x64.Build.0 = Debug|x64
		{75975793-DE9A-331C-8BFD-B9299857DADF}.Release|x64.ActiveCfg = Release|x64
		{75975793-DE9A-331C-8BFD-B9299857DADF}.Release|x64.Build.0 = Release|x64
		{F339F51D-5337-3785-A242-17643D1539C3}.Debug|x64.ActiveCfg = Debug|x64
		{F339F51D-5337-3785-A242-17643D1539C3}.Debug|x64.Build.0 = Debug|x64
		{F339F51D-5337-3785-A242-17643D1539C3}.Release|x64.ActiveCfg = Release|x64
		{F339F51D-5337-3785-A242-17643D1539C3}.Release|x64.Build.0 = Release|x64
		{149C69C6-4B9B-3B7F-B1B6-F32B6015F19F}.Debug|x64.ActiveCfg = Debug|x64
		{149C69C6-4B9B-3B7F-B1B6-F32B6015F19F}.Debug|x64.Build.0 = Debug|x64
		{149C69C6-4B9B-3B7F-B1B6-F32B6015F19F}.Release|x64.ActiveCfg = Release|x64
		{149C69C6-4B9B-3B7F-B1B6-F32B6015F19F}.Release|x64.Build.0 = Release|x64
		{41E93F63-2250-3F02-9C5E-57DA6A512461}.Debug|x64.ActiveCfg = Debug|x64
		{41E93F63-2250-3F02-9C5E-57DA6A512461}.Debug|x64.Build.0 = Debug|x64
		{41E93F63-2250-3F02-9C5E-57DA6A512461}.Release|x64.ActiveCfg = Release|x64
		{41E93F63-2250-3F02-9C5E-57DA6A512461}.Release|x64.Build.0 = Release|x64
		{7898BED1-4DEF-3B94-83BE-385A3838D470}.Debug|x64.ActiveCfg = Debug|x64
		{7898BED1-4DEF-3B94-83BE-385A3838D470}.Debug|x64.Build.0 = Debug|x64
		{7898BED1-4DEF-3B94-83BE-385A3838D470}.Release|x64.ActiveCfg = Release|x64
		{7898BED1-4DEF-3B94-83BE-385A3838D470}.Release|x64.Build.0 = Release|x64
	EndGlobalSection
	GlobalSection(SolutionProperties) = preSolution
		HideSolutionNode = FALSE
	EndGlobalSection
	GlobalSection(NestedProjects) = preSolution
		{2F97E9CC-5718-3E95-9D99-2B64704333DF} = {B0FED502-0B77-44A7-98F4-90D66A09812B}
		{94FD1767-917F-38F6-965D-3FD8C788DDB6} = {EBD9599C-E361-4FBC-B00D-16D8D1987EF8}
		{18E9B43D-E35C-3229-BA27-085EECD20BC1} = {EBD9599C-E361-4FBC-B00D-16D8D1987EF8}
		{209618A1-7744-34C7-9262-38FF738CDB62} = {B0FED502-0B77-44A7-98F4-90D66A09812B}
		{991BD6D4-B0B9-33AB-B4F8-682FA5BBCB46} = {EBD9599C-E361-4FBC-B00D-16D8D1987EF8}
		{1D4DEF9D-E6FD-3E28-81E1-90F8B2B9D96F} = {4878E000-01BE-4F8B-8E89-31B34AB70F8C}
		{BBC55B5B-4B5E-4B1B-9BDA-CF3EE5C983B0} = {4878E000-01BE-4F8B-8E89-31B34AB70F8C}
		{43B95E62-522B-3B85-8859-00511BC3E051} = {4878E000-01BE-4F8B-8E89-31B34AB70F8C}
		{C45025D8-3E7A-3F7D-BF40-0B6A0170E1C9} = {4878E000-01BE-4F8B-8E89-31B34AB70F8C}
		{A59D8A13-17A0-367C-88DA-009AAAE3FC78} = {4878E000-01BE-4F8B-8E89-31B34AB70F8C}
		{26282BB7-BAD2-3135-AA4F-25411E819B34} = {4878E000-01BE-4F8B-8E89-31B34AB70F8C}
		{9DF7DAE2-653F-3FD1-BE7F-A436A154965E} = {4878E000-01BE-4F8B-8E89-31B34AB70F8C}
		{F95DACD2-A2C6-35BE-8387-F54C34EB0405} = {4878E000-01BE-4F8B-8E89-31B34AB70F8C}
		{45BEB27A-45C0-3C89-A494-FDBE3C996A8D} = {4878E000-01BE-4F8B-8E89-31B34AB70F8C}
		{75975793-DE9A-331C-8BFD-B9299857DADF} = {4878E000-01BE-4F8B-8E89-31B34AB70F8C}
		{F339F51D-5337-3785-A242-17643D1539C3} = {4878E000-01BE-4F8B-8E89-31B34AB70F8C}
		{149C69C6-4B9B-3B7F-B1B6-F32B6015F19F} = {4878E000-01BE-4F8B-8E89-31B34AB70F8C}
		{41E93F63-2250-3F02-9C5E-57DA6A512461} = {4878E000-01BE-4F8B-8E89-31B34AB70F8C}
		{7898BED1-4DEF-3B94-83BE-385A3838D470} = {4878E000-01BE-4F8B-8E89-31B34AB70F8C}
		{EBD9599C-E361-4FBC-B00D-16D8D1987EF8} = {31E100E3-2DE1-4A6D-AEB1-89980822F8C4}
		{B0FED502-0B77-44A7-98F4-90D66A09812B} = {31E100E3-2DE1-4A6D-AEB1-89980822F8C4}
	EndGlobalSection
	GlobalSection(ExtensibilityGlobals) = postSolution
		SolutionGuid = {4A2238E0-BECC-3098-82CE-1EDFA08E0E28}
	EndGlobalSection
EndGlobal
